Microsoft Visual Studio Solution File, Format Version 12.00
# Visual Studio 15
VisualStudioVersion = 15.0.26730.12
MinimumVisualStudioVersion = 10.0.40219.1
Project("{FAE04EC0-301F-11D3-BF4B-00C04F79EFBC}") = "RiverMobile", "RiverMobile\RiverMobile.csproj", "{B6CE3C98-981F-4A09-A805-C85C7DA51FC8}"
EndProject
Project("{FAE04EC0-301F-11D3-BF4B-00C04F79EFBC}") = "RiverMobile.iOS", "iOS\RiverMobile.iOS.csproj", "{553B6842-40D3-4B3E-9B29-8316FE891B60}"
EndProject
Project("{FAE04EC0-301F-11D3-BF4B-00C04F79EFBC}") = "RiverMobile.Droid", "Droid\RiverMobile.Droid.csproj", "{AFFBAE24-91EB-45F9-A567-B390DED37E91}"
EndProject
Global
	GlobalSection(SolutionConfigurationPlatforms) = preSolution
		Debug|Any CPU = Debug|Any CPU
		Debug|iPhone = Debug|iPhone
		Debug|iPhoneSimulator = Debug|iPhoneSimulator
		Release|Any CPU = Release|Any CPU
		Release|iPhone = Release|iPhone
		Release|iPhoneSimulator = Release|iPhoneSimulator
	EndGlobalSection
	GlobalSection(ProjectConfigurationPlatforms) = postSolution
		{B6CE3C98-981F-4A09-A805-C85C7DA51FC8}.Debug|Any CPU.ActiveCfg = Debug|Any CPU
		{B6CE3C98-981F-4A09-A805-C85C7DA51FC8}.Debug|Any CPU.Build.0 = Debug|Any CPU
		{B6CE3C98-981F-4A09-A805-C85C7DA51FC8}.Debug|iPhone.ActiveCfg = Debug|Any CPU
		{B6CE3C98-981F-4A09-A805-C85C7DA51FC8}.Debug|iPhone.Build.0 = Debug|Any CPU
		{B6CE3C98-981F-4A09-A805-C85C7DA51FC8}.Debug|iPhoneSimulator.ActiveCfg = Debug|Any CPU
		{B6CE3C98-981F-4A09-A805-C85C7DA51FC8}.Debug|iPhoneSimulator.Build.0 = Debug|Any CPU
		{B6CE3C98-981F-4A09-A805-C85C7DA51FC8}.Release|Any CPU.ActiveCfg = Release|Any CPU
		{B6CE3C98-981F-4A09-A805-C85C7DA51FC8}.Release|Any CPU.Build.0 = Release|Any CPU
		{B6CE3C98-981F-4A09-A805-C85C7DA51FC8}.Release|iPhone.ActiveCfg = Release|Any CPU
		{B6CE3C98-981F-4A09-A805-C85C7DA51FC8}.Release|iPhone.Build.0 = Release|Any CPU
		{B6CE3C98-981F-4A09-A805-C85C7DA51FC8}.Release|iPhoneSimulator.ActiveCfg = Release|Any CPU
		{B6CE3C98-981F-4A09-A805-C85C7DA51FC8}.Release|iPhoneSimulator.Build.0 = Release|Any CPU
		{553B6842-40D3-4B3E-9B29-8316FE891B60}.Debug|Any CPU.ActiveCfg = Debug|iPhoneSimulator
		{553B6842-40D3-4B3E-9B29-8316FE891B60}.Debug|Any CPU.Build.0 = Debug|iPhoneSimulator
		{553B6842-40D3-4B3E-9B29-8316FE891B60}.Debug|iPhone.ActiveCfg = Debug|iPhone
		{553B6842-40D3-4B3E-9B29-8316FE891B60}.Debug|iPhone.Build.0 = Debug|iPhone
		{553B6842-40D3-4B3E-9B29-8316FE891B60}.Debug|iPhoneSimulator.ActiveCfg = Debug|iPhoneSimulator
		{553B6842-40D3-4B3E-9B29-8316FE891B60}.Debug|iPhoneSimulator.Build.0 = Debug|iPhoneSimulator
		{553B6842-40D3-4B3E-9B29-8316FE891B60}.Release|Any CPU.ActiveCfg = Release|iPhone
		{553B6842-40D3-4B3E-9B29-8316FE891B60}.Release|Any CPU.Build.0 = Release|iPhone
		{553B6842-40D3-4B3E-9B29-8316FE891B60}.Release|iPhone.ActiveCfg = Release|iPhone
		{553B6842-40D3-4B3E-9B29-8316FE891B60}.Release|iPhone.Build.0 = Release|iPhone
		{553B6842-40D3-4B3E-9B29-8316FE891B60}.Release|iPhoneSimulator.ActiveCfg = Release|iPhoneSimulator
		{553B6842-40D3-4B3E-9B29-8316FE891B60}.Release|iPhoneSimulator.Build.0 = Release|iPhoneSimulator
		{AFFBAE24-91EB-45F9-A567-B390DED37E91}.Debug|Any CPU.ActiveCfg = Debug|Any CPU
		{AFFBAE24-91EB-45F9-A567-B390DED37E91}.Debug|Any CPU.Build.0 = Debug|Any CPU
		{AFFBAE24-91EB-45F9-A567-B390DED37E91}.Debug|Any CPU.Deploy.0 = Debug|Any CPU
		{AFFBAE24-91EB-45F9-A567-B390DED37E91}.Debug|iPhone.ActiveCfg = Debug|Any CPU
		{AFFBAE24-91EB-45F9-A567-B390DED37E91}.Debug|iPhone.Build.0 = Debug|Any CPU
		{AFFBAE24-91EB-45F9-A567-B390DED37E91}.Debug|iPhoneSimulator.ActiveCfg = Debug|Any CPU
		{AFFBAE24-91EB-45F9-A567-B390DED37E91}.Debug|iPhoneSimulator.Build.0 = Debug|Any CPU
		{AFFBAE24-91EB-45F9-A567-B390DED37E91}.Release|Any CPU.ActiveCfg = Release|Any CPU
		{AFFBAE24-91EB-45F9-A567-B390DED37E91}.Release|Any CPU.Build.0 = Release|Any CPU
		{AFFBAE24-91EB-45F9-A567-B390DED37E91}.Release|iPhone.ActiveCfg = Release|Any CPU
		{AFFBAE24-91EB-45F9-A567-B390DED37E91}.Release|iPhone.Build.0 = Release|Any CPU
		{AFFBAE24-91EB-45F9-A567-B390DED37E91}.Release|iPhoneSimulator.ActiveCfg = Release|Any CPU
		{AFFBAE24-91EB-45F9-A567-B390DED37E91}.Release|iPhoneSimulator.Build.0 = Release|Any CPU
	EndGlobalSection
	GlobalSection(SolutionProperties) = preSolution
		HideSolutionNode = FALSE
	EndGlobalSection
	GlobalSection(ExtensibilityGlobals) = postSolution
		SolutionGuid = {2230DFA7-555B-40E9-BF95-970447080090}
	EndGlobalSection
EndGlobal
