
Microsoft Visual Studio Solution File, Format Version 12.00
# Visual Studio 15
VisualStudioVersion = 15.0.26403.7
MinimumVisualStudioVersion = 10.0.40219.1
Project("{FAE04EC0-301F-11D3-BF4B-00C04F79EFBC}") = "rivER_mobile.Android", "rivER_mobile\rivER_mobile.Android\rivER_mobile.Android.csproj", "{222C8854-51E7-43CC-AFB9-08B24ABB55E1}"
EndProject
Project("{FAE04EC0-301F-11D3-BF4B-00C04F79EFBC}") = "rivER_mobile", "rivER_mobile\rivER_mobile\rivER_mobile.csproj", "{78C52A8C-391A-4BD8-9410-D4494794004B}"
EndProject
Project("{FAE04EC0-301F-11D3-BF4B-00C04F79EFBC}") = "rivER_mobile.UWP", "rivER_mobile\rivER_mobile.UWP\rivER_mobile.UWP.csproj", "{61DB008B-DCCB-4F73-81E3-EFD55AF2F2BD}"
EndProject
Project("{FAE04EC0-301F-11D3-BF4B-00C04F79EFBC}") = "rivER_mobile.iOS", "rivER_mobile\rivER_mobile.iOS\rivER_mobile.iOS.csproj", "{4551D68F-3866-47F8-91F3-D5A403C6308C}"
EndProject
Global
	GlobalSection(SolutionConfigurationPlatforms) = preSolution
		Ad-Hoc|Any CPU = Ad-Hoc|Any CPU
		Ad-Hoc|ARM = Ad-Hoc|ARM
		Ad-Hoc|iPhone = Ad-Hoc|iPhone
		Ad-Hoc|iPhoneSimulator = Ad-Hoc|iPhoneSimulator
		Ad-Hoc|x64 = Ad-Hoc|x64
		Ad-Hoc|x86 = Ad-Hoc|x86
		AppStore|Any CPU = AppStore|Any CPU
		AppStore|ARM = AppStore|ARM
		AppStore|iPhone = AppStore|iPhone
		AppStore|iPhoneSimulator = AppStore|iPhoneSimulator
		AppStore|x64 = AppStore|x64
		AppStore|x86 = AppStore|x86
		Debug|Any CPU = Debug|Any CPU
		Debug|ARM = Debug|ARM
		Debug|iPhone = Debug|iPhone
		Debug|iPhoneSimulator = Debug|iPhoneSimulator
		Debug|x64 = Debug|x64
		Debug|x86 = Debug|x86
		Release|Any CPU = Release|Any CPU
		Release|ARM = Release|ARM
		Release|iPhone = Release|iPhone
		Release|iPhoneSimulator = Release|iPhoneSimulator
		Release|x64 = Release|x64
		Release|x86 = Release|x86
	EndGlobalSection
	GlobalSection(ProjectConfigurationPlatforms) = postSolution
		{222C8854-51E7-43CC-AFB9-08B24ABB55E1}.Ad-Hoc|Any CPU.ActiveCfg = Release|Any CPU
		{222C8854-51E7-43CC-AFB9-08B24ABB55E1}.Ad-Hoc|Any CPU.Build.0 = Release|Any CPU
		{222C8854-51E7-43CC-AFB9-08B24ABB55E1}.Ad-Hoc|Any CPU.Deploy.0 = Release|Any CPU
		{222C8854-51E7-43CC-AFB9-08B24ABB55E1}.Ad-Hoc|ARM.ActiveCfg = Release|Any CPU
		{222C8854-51E7-43CC-AFB9-08B24ABB55E1}.Ad-Hoc|ARM.Build.0 = Release|Any CPU
		{222C8854-51E7-43CC-AFB9-08B24ABB55E1}.Ad-Hoc|ARM.Deploy.0 = Release|Any CPU
		{222C8854-51E7-43CC-AFB9-08B24ABB55E1}.Ad-Hoc|iPhone.ActiveCfg = Release|Any CPU
		{222C8854-51E7-43CC-AFB9-08B24ABB55E1}.Ad-Hoc|iPhone.Build.0 = Release|Any CPU
		{222C8854-51E7-43CC-AFB9-08B24ABB55E1}.Ad-Hoc|iPhone.Deploy.0 = Release|Any CPU
		{222C8854-51E7-43CC-AFB9-08B24ABB55E1}.Ad-Hoc|iPhoneSimulator.ActiveCfg = Release|Any CPU
		{222C8854-51E7-43CC-AFB9-08B24ABB55E1}.Ad-Hoc|iPhoneSimulator.Build.0 = Release|Any CPU
		{222C8854-51E7-43CC-AFB9-08B24ABB55E1}.Ad-Hoc|iPhoneSimulator.Deploy.0 = Release|Any CPU
		{222C8854-51E7-43CC-AFB9-08B24ABB55E1}.Ad-Hoc|x64.ActiveCfg = Release|Any CPU
		{222C8854-51E7-43CC-AFB9-08B24ABB55E1}.Ad-Hoc|x64.Build.0 = Release|Any CPU
		{222C8854-51E7-43CC-AFB9-08B24ABB55E1}.Ad-Hoc|x64.Deploy.0 = Release|Any CPU
		{222C8854-51E7-43CC-AFB9-08B24ABB55E1}.Ad-Hoc|x86.ActiveCfg = Release|Any CPU
		{222C8854-51E7-43CC-AFB9-08B24ABB55E1}.Ad-Hoc|x86.Build.0 = Release|Any CPU
		{222C8854-51E7-43CC-AFB9-08B24ABB55E1}.Ad-Hoc|x86.Deploy.0 = Release|Any CPU
		{222C8854-51E7-43CC-AFB9-08B24ABB55E1}.AppStore|Any CPU.ActiveCfg = Release|Any CPU
		{222C8854-51E7-43CC-AFB9-08B24ABB55E1}.AppStore|Any CPU.Build.0 = Release|Any CPU
		{222C8854-51E7-43CC-AFB9-08B24ABB55E1}.AppStore|Any CPU.Deploy.0 = Release|Any CPU
		{222C8854-51E7-43CC-AFB9-08B24ABB55E1}.AppStore|ARM.ActiveCfg = Release|Any CPU
		{222C8854-51E7-43CC-AFB9-08B24ABB55E1}.AppStore|ARM.Build.0 = Release|Any CPU
		{222C8854-51E7-43CC-AFB9-08B24ABB55E1}.AppStore|ARM.Deploy.0 = Release|Any CPU
		{222C8854-51E7-43CC-AFB9-08B24ABB55E1}.AppStore|iPhone.ActiveCfg = Release|Any CPU
		{222C8854-51E7-43CC-AFB9-08B24ABB55E1}.AppStore|iPhone.Build.0 = Release|Any CPU
		{222C8854-51E7-43CC-AFB9-08B24ABB55E1}.AppStore|iPhone.Deploy.0 = Release|Any CPU
		{222C8854-51E7-43CC-AFB9-08B24ABB55E1}.AppStore|iPhoneSimulator.ActiveCfg = Release|Any CPU
		{222C8854-51E7-43CC-AFB9-08B24ABB55E1}.AppStore|iPhoneSimulator.Build.0 = Release|Any CPU
		{222C8854-51E7-43CC-AFB9-08B24ABB55E1}.AppStore|iPhoneSimulator.Deploy.0 = Release|Any CPU
		{222C8854-51E7-43CC-AFB9-08B24ABB55E1}.AppStore|x64.ActiveCfg = Release|Any CPU
		{222C8854-51E7-43CC-AFB9-08B24ABB55E1}.AppStore|x64.Build.0 = Release|Any CPU
		{222C8854-51E7-43CC-AFB9-08B24ABB55E1}.AppStore|x64.Deploy.0 = Release|Any CPU
		{222C8854-51E7-43CC-AFB9-08B24ABB55E1}.AppStore|x86.ActiveCfg = Release|Any CPU
		{222C8854-51E7-43CC-AFB9-08B24ABB55E1}.AppStore|x86.Build.0 = Release|Any CPU
		{222C8854-51E7-43CC-AFB9-08B24ABB55E1}.AppStore|x86.Deploy.0 = Release|Any CPU
		{222C8854-51E7-43CC-AFB9-08B24ABB55E1}.Debug|Any CPU.ActiveCfg = Debug|Any CPU
		{222C8854-51E7-43CC-AFB9-08B24ABB55E1}.Debug|Any CPU.Build.0 = Debug|Any CPU
		{222C8854-51E7-43CC-AFB9-08B24ABB55E1}.Debug|Any CPU.Deploy.0 = Debug|Any CPU
		{222C8854-51E7-43CC-AFB9-08B24ABB55E1}.Debug|ARM.ActiveCfg = Debug|Any CPU
		{222C8854-51E7-43CC-AFB9-08B24ABB55E1}.Debug|ARM.Build.0 = Debug|Any CPU
		{222C8854-51E7-43CC-AFB9-08B24ABB55E1}.Debug|ARM.Deploy.0 = Debug|Any CPU
		{222C8854-51E7-43CC-AFB9-08B24ABB55E1}.Debug|iPhone.ActiveCfg = Debug|Any CPU
		{222C8854-51E7-43CC-AFB9-08B24ABB55E1}.Debug|iPhone.Build.0 = Debug|Any CPU
		{222C8854-51E7-43CC-AFB9-08B24ABB55E1}.Debug|iPhone.Deploy.0 = Debug|Any CPU
		{222C8854-51E7-43CC-AFB9-08B24ABB55E1}.Debug|iPhoneSimulator.ActiveCfg = Debug|Any CPU
		{222C8854-51E7-43CC-AFB9-08B24ABB55E1}.Debug|iPhoneSimulator.Build.0 = Debug|Any CPU
		{222C8854-51E7-43CC-AFB9-08B24ABB55E1}.Debug|iPhoneSimulator.Deploy.0 = Debug|Any CPU
		{222C8854-51E7-43CC-AFB9-08B24ABB55E1}.Debug|x64.ActiveCfg = Debug|Any CPU
		{222C8854-51E7-43CC-AFB9-08B24ABB55E1}.Debug|x64.Build.0 = Debug|Any CPU
		{222C8854-51E7-43CC-AFB9-08B24ABB55E1}.Debug|x64.Deploy.0 = Debug|Any CPU
		{222C8854-51E7-43CC-AFB9-08B24ABB55E1}.Debug|x86.ActiveCfg = Debug|Any CPU
		{222C8854-51E7-43CC-AFB9-08B24ABB55E1}.Debug|x86.Build.0 = Debug|Any CPU
		{222C8854-51E7-43CC-AFB9-08B24ABB55E1}.Debug|x86.Deploy.0 = Debug|Any CPU
		{222C8854-51E7-43CC-AFB9-08B24ABB55E1}.Release|Any CPU.ActiveCfg = Release|Any CPU
		{222C8854-51E7-43CC-AFB9-08B24ABB55E1}.Release|Any CPU.Build.0 = Release|Any CPU
		{222C8854-51E7-43CC-AFB9-08B24ABB55E1}.Release|Any CPU.Deploy.0 = Release|Any CPU
		{222C8854-51E7-43CC-AFB9-08B24ABB55E1}.Release|ARM.ActiveCfg = Release|Any CPU
		{222C8854-51E7-43CC-AFB9-08B24ABB55E1}.Release|ARM.Build.0 = Release|Any CPU
		{222C8854-51E7-43CC-AFB9-08B24ABB55E1}.Release|ARM.Deploy.0 = Release|Any CPU
		{222C8854-51E7-43CC-AFB9-08B24ABB55E1}.Release|iPhone.ActiveCfg = Release|Any CPU
		{222C8854-51E7-43CC-AFB9-08B24ABB55E1}.Release|iPhone.Build.0 = Release|Any CPU
		{222C8854-51E7-43CC-AFB9-08B24ABB55E1}.Release|iPhone.Deploy.0 = Release|Any CPU
		{222C8854-51E7-43CC-AFB9-08B24ABB55E1}.Release|iPhoneSimulator.ActiveCfg = Release|Any CPU
		{222C8854-51E7-43CC-AFB9-08B24ABB55E1}.Release|iPhoneSimulator.Build.0 = Release|Any CPU
		{222C8854-51E7-43CC-AFB9-08B24ABB55E1}.Release|iPhoneSimulator.Deploy.0 = Release|Any CPU
		{222C8854-51E7-43CC-AFB9-08B24ABB55E1}.Release|x64.ActiveCfg = Release|Any CPU
		{222C8854-51E7-43CC-AFB9-08B24ABB55E1}.Release|x64.Build.0 = Release|Any CPU
		{222C8854-51E7-43CC-AFB9-08B24ABB55E1}.Release|x64.Deploy.0 = Release|Any CPU
		{222C8854-51E7-43CC-AFB9-08B24ABB55E1}.Release|x86.ActiveCfg = Release|Any CPU
		{222C8854-51E7-43CC-AFB9-08B24ABB55E1}.Release|x86.Build.0 = Release|Any CPU
		{222C8854-51E7-43CC-AFB9-08B24ABB55E1}.Release|x86.Deploy.0 = Release|Any CPU
		{78C52A8C-391A-4BD8-9410-D4494794004B}.Ad-Hoc|Any CPU.ActiveCfg = Release|Any CPU
		{78C52A8C-391A-4BD8-9410-D4494794004B}.Ad-Hoc|Any CPU.Build.0 = Release|Any CPU
		{78C52A8C-391A-4BD8-9410-D4494794004B}.Ad-Hoc|ARM.ActiveCfg = Release|Any CPU
		{78C52A8C-391A-4BD8-9410-D4494794004B}.Ad-Hoc|ARM.Build.0 = Release|Any CPU
		{78C52A8C-391A-4BD8-9410-D4494794004B}.Ad-Hoc|iPhone.ActiveCfg = Release|Any CPU
		{78C52A8C-391A-4BD8-9410-D4494794004B}.Ad-Hoc|iPhone.Build.0 = Release|Any CPU
		{78C52A8C-391A-4BD8-9410-D4494794004B}.Ad-Hoc|iPhoneSimulator.ActiveCfg = Release|Any CPU
		{78C52A8C-391A-4BD8-9410-D4494794004B}.Ad-Hoc|iPhoneSimulator.Build.0 = Release|Any CPU
		{78C52A8C-391A-4BD8-9410-D4494794004B}.Ad-Hoc|x64.ActiveCfg = Release|Any CPU
		{78C52A8C-391A-4BD8-9410-D4494794004B}.Ad-Hoc|x64.Build.0 = Release|Any CPU
		{78C52A8C-391A-4BD8-9410-D4494794004B}.Ad-Hoc|x86.ActiveCfg = Release|Any CPU
		{78C52A8C-391A-4BD8-9410-D4494794004B}.Ad-Hoc|x86.Build.0 = Release|Any CPU
		{78C52A8C-391A-4BD8-9410-D4494794004B}.AppStore|Any CPU.ActiveCfg = Release|Any CPU
		{78C52A8C-391A-4BD8-9410-D4494794004B}.AppStore|Any CPU.Build.0 = Release|Any CPU
		{78C52A8C-391A-4BD8-9410-D4494794004B}.AppStore|ARM.ActiveCfg = Release|Any CPU
		{78C52A8C-391A-4BD8-9410-D4494794004B}.AppStore|ARM.Build.0 = Release|Any CPU
		{78C52A8C-391A-4BD8-9410-D4494794004B}.AppStore|iPhone.ActiveCfg = Release|Any CPU
		{78C52A8C-391A-4BD8-9410-D4494794004B}.AppStore|iPhone.Build.0 = Release|Any CPU
		{78C52A8C-391A-4BD8-9410-D4494794004B}.AppStore|iPhoneSimulator.ActiveCfg = Release|Any CPU
		{78C52A8C-391A-4BD8-9410-D4494794004B}.AppStore|iPhoneSimulator.Build.0 = Release|Any CPU
		{78C52A8C-391A-4BD8-9410-D4494794004B}.AppStore|x64.ActiveCfg = Release|Any CPU
		{78C52A8C-391A-4BD8-9410-D4494794004B}.AppStore|x64.Build.0 = Release|Any CPU
		{78C52A8C-391A-4BD8-9410-D4494794004B}.AppStore|x86.ActiveCfg = Release|Any CPU
		{78C52A8C-391A-4BD8-9410-D4494794004B}.AppStore|x86.Build.0 = Release|Any CPU
		{78C52A8C-391A-4BD8-9410-D4494794004B}.Debug|Any CPU.ActiveCfg = Debug|Any CPU
		{78C52A8C-391A-4BD8-9410-D4494794004B}.Debug|Any CPU.Build.0 = Debug|Any CPU
		{78C52A8C-391A-4BD8-9410-D4494794004B}.Debug|ARM.ActiveCfg = Debug|Any CPU
		{78C52A8C-391A-4BD8-9410-D4494794004B}.Debug|ARM.Build.0 = Debug|Any CPU
		{78C52A8C-391A-4BD8-9410-D4494794004B}.Debug|iPhone.ActiveCfg = Debug|Any CPU
		{78C52A8C-391A-4BD8-9410-D4494794004B}.Debug|iPhone.Build.0 = Debug|Any CPU
		{78C52A8C-391A-4BD8-9410-D4494794004B}.Debug|iPhoneSimulator.ActiveCfg = Debug|Any CPU
		{78C52A8C-391A-4BD8-9410-D4494794004B}.Debug|iPhoneSimulator.Build.0 = Debug|Any CPU
		{78C52A8C-391A-4BD8-9410-D4494794004B}.Debug|x64.ActiveCfg = Debug|Any CPU
		{78C52A8C-391A-4BD8-9410-D4494794004B}.Debug|x64.Build.0 = Debug|Any CPU
		{78C52A8C-391A-4BD8-9410-D4494794004B}.Debug|x86.ActiveCfg = Debug|Any CPU
		{78C52A8C-391A-4BD8-9410-D4494794004B}.Debug|x86.Build.0 = Debug|Any CPU
		{78C52A8C-391A-4BD8-9410-D4494794004B}.Release|Any CPU.ActiveCfg = Release|Any CPU
		{78C52A8C-391A-4BD8-9410-D4494794004B}.Release|Any CPU.Build.0 = Release|Any CPU
		{78C52A8C-391A-4BD8-9410-D4494794004B}.Release|ARM.ActiveCfg = Release|Any CPU
		{78C52A8C-391A-4BD8-9410-D4494794004B}.Release|ARM.Build.0 = Release|Any CPU
		{78C52A8C-391A-4BD8-9410-D4494794004B}.Release|iPhone.ActiveCfg = Release|Any CPU
		{78C52A8C-391A-4BD8-9410-D4494794004B}.Release|iPhone.Build.0 = Release|Any CPU
		{78C52A8C-391A-4BD8-9410-D4494794004B}.Release|iPhoneSimulator.ActiveCfg = Release|Any CPU
		{78C52A8C-391A-4BD8-9410-D4494794004B}.Release|iPhoneSimulator.Build.0 = Release|Any CPU
		{78C52A8C-391A-4BD8-9410-D4494794004B}.Release|x64.ActiveCfg = Release|Any CPU
		{78C52A8C-391A-4BD8-9410-D4494794004B}.Release|x64.Build.0 = Release|Any CPU
		{78C52A8C-391A-4BD8-9410-D4494794004B}.Release|x86.ActiveCfg = Release|Any CPU
		{78C52A8C-391A-4BD8-9410-D4494794004B}.Release|x86.Build.0 = Release|Any CPU
		{61DB008B-DCCB-4F73-81E3-EFD55AF2F2BD}.Ad-Hoc|Any CPU.ActiveCfg = Release|x86
		{61DB008B-DCCB-4F73-81E3-EFD55AF2F2BD}.Ad-Hoc|Any CPU.Build.0 = Release|x86
		{61DB008B-DCCB-4F73-81E3-EFD55AF2F2BD}.Ad-Hoc|Any CPU.Deploy.0 = Release|x86
		{61DB008B-DCCB-4F73-81E3-EFD55AF2F2BD}.Ad-Hoc|ARM.ActiveCfg = Release|ARM
		{61DB008B-DCCB-4F73-81E3-EFD55AF2F2BD}.Ad-Hoc|ARM.Build.0 = Release|ARM
		{61DB008B-DCCB-4F73-81E3-EFD55AF2F2BD}.Ad-Hoc|ARM.Deploy.0 = Release|ARM
		{61DB008B-DCCB-4F73-81E3-EFD55AF2F2BD}.Ad-Hoc|iPhone.ActiveCfg = Release|x86
		{61DB008B-DCCB-4F73-81E3-EFD55AF2F2BD}.Ad-Hoc|iPhone.Build.0 = Release|x86
		{61DB008B-DCCB-4F73-81E3-EFD55AF2F2BD}.Ad-Hoc|iPhone.Deploy.0 = Release|x86
		{61DB008B-DCCB-4F73-81E3-EFD55AF2F2BD}.Ad-Hoc|iPhoneSimulator.ActiveCfg = Release|x86
		{61DB008B-DCCB-4F73-81E3-EFD55AF2F2BD}.Ad-Hoc|iPhoneSimulator.Build.0 = Release|x86
		{61DB008B-DCCB-4F73-81E3-EFD55AF2F2BD}.Ad-Hoc|iPhoneSimulator.Deploy.0 = Release|x86
		{61DB008B-DCCB-4F73-81E3-EFD55AF2F2BD}.Ad-Hoc|x64.ActiveCfg = Release|x64
		{61DB008B-DCCB-4F73-81E3-EFD55AF2F2BD}.Ad-Hoc|x64.Build.0 = Release|x64
		{61DB008B-DCCB-4F73-81E3-EFD55AF2F2BD}.Ad-Hoc|x64.Deploy.0 = Release|x64
		{61DB008B-DCCB-4F73-81E3-EFD55AF2F2BD}.Ad-Hoc|x86.ActiveCfg = Release|x86
		{61DB008B-DCCB-4F73-81E3-EFD55AF2F2BD}.Ad-Hoc|x86.Build.0 = Release|x86
		{61DB008B-DCCB-4F73-81E3-EFD55AF2F2BD}.Ad-Hoc|x86.Deploy.0 = Release|x86
		{61DB008B-DCCB-4F73-81E3-EFD55AF2F2BD}.AppStore|Any CPU.ActiveCfg = Release|x86
		{61DB008B-DCCB-4F73-81E3-EFD55AF2F2BD}.AppStore|Any CPU.Build.0 = Release|x86
		{61DB008B-DCCB-4F73-81E3-EFD55AF2F2BD}.AppStore|Any CPU.Deploy.0 = Release|x86
		{61DB008B-DCCB-4F73-81E3-EFD55AF2F2BD}.AppStore|ARM.ActiveCfg = Release|ARM
		{61DB008B-DCCB-4F73-81E3-EFD55AF2F2BD}.AppStore|ARM.Build.0 = Release|ARM
		{61DB008B-DCCB-4F73-81E3-EFD55AF2F2BD}.AppStore|ARM.Deploy.0 = Release|ARM
		{61DB008B-DCCB-4F73-81E3-EFD55AF2F2BD}.AppStore|iPhone.ActiveCfg = Release|x86
		{61DB008B-DCCB-4F73-81E3-EFD55AF2F2BD}.AppStore|iPhone.Build.0 = Release|x86
		{61DB008B-DCCB-4F73-81E3-EFD55AF2F2BD}.AppStore|iPhone.Deploy.0 = Release|x86
		{61DB008B-DCCB-4F73-81E3-EFD55AF2F2BD}.AppStore|iPhoneSimulator.ActiveCfg = Release|x86
		{61DB008B-DCCB-4F73-81E3-EFD55AF2F2BD}.AppStore|iPhoneSimulator.Build.0 = Release|x86
		{61DB008B-DCCB-4F73-81E3-EFD55AF2F2BD}.AppStore|iPhoneSimulator.Deploy.0 = Release|x86
		{61DB008B-DCCB-4F73-81E3-EFD55AF2F2BD}.AppStore|x64.ActiveCfg = Release|x64
		{61DB008B-DCCB-4F73-81E3-EFD55AF2F2BD}.AppStore|x64.Build.0 = Release|x64
		{61DB008B-DCCB-4F73-81E3-EFD55AF2F2BD}.AppStore|x64.Deploy.0 = Release|x64
		{61DB008B-DCCB-4F73-81E3-EFD55AF2F2BD}.AppStore|x86.ActiveCfg = Release|x86
		{61DB008B-DCCB-4F73-81E3-EFD55AF2F2BD}.AppStore|x86.Build.0 = Release|x86
		{61DB008B-DCCB-4F73-81E3-EFD55AF2F2BD}.AppStore|x86.Deploy.0 = Release|x86
		{61DB008B-DCCB-4F73-81E3-EFD55AF2F2BD}.Debug|Any CPU.ActiveCfg = Debug|x86
		{61DB008B-DCCB-4F73-81E3-EFD55AF2F2BD}.Debug|ARM.ActiveCfg = Debug|ARM
		{61DB008B-DCCB-4F73-81E3-EFD55AF2F2BD}.Debug|ARM.Build.0 = Debug|ARM
		{61DB008B-DCCB-4F73-81E3-EFD55AF2F2BD}.Debug|ARM.Deploy.0 = Debug|ARM
		{61DB008B-DCCB-4F73-81E3-EFD55AF2F2BD}.Debug|iPhone.ActiveCfg = Debug|x86
		{61DB008B-DCCB-4F73-81E3-EFD55AF2F2BD}.Debug|iPhoneSimulator.ActiveCfg = Debug|x86
		{61DB008B-DCCB-4F73-81E3-EFD55AF2F2BD}.Debug|x64.ActiveCfg = Debug|x64
		{61DB008B-DCCB-4F73-81E3-EFD55AF2F2BD}.Debug|x64.Build.0 = Debug|x64
		{61DB008B-DCCB-4F73-81E3-EFD55AF2F2BD}.Debug|x64.Deploy.0 = Debug|x64
		{61DB008B-DCCB-4F73-81E3-EFD55AF2F2BD}.Debug|x86.ActiveCfg = Debug|x86
		{61DB008B-DCCB-4F73-81E3-EFD55AF2F2BD}.Debug|x86.Build.0 = Debug|x86
		{61DB008B-DCCB-4F73-81E3-EFD55AF2F2BD}.Debug|x86.Deploy.0 = Debug|x86
		{61DB008B-DCCB-4F73-81E3-EFD55AF2F2BD}.Release|Any CPU.ActiveCfg = Release|x86
		{61DB008B-DCCB-4F73-81E3-EFD55AF2F2BD}.Release|ARM.ActiveCfg = Release|ARM
		{61DB008B-DCCB-4F73-81E3-EFD55AF2F2BD}.Release|ARM.Build.0 = Release|ARM
		{61DB008B-DCCB-4F73-81E3-EFD55AF2F2BD}.Release|ARM.Deploy.0 = Release|ARM
		{61DB008B-DCCB-4F73-81E3-EFD55AF2F2BD}.Release|iPhone.ActiveCfg = Release|x86
		{61DB008B-DCCB-4F73-81E3-EFD55AF2F2BD}.Release|iPhoneSimulator.ActiveCfg = Release|x86
		{61DB008B-DCCB-4F73-81E3-EFD55AF2F2BD}.Release|x64.ActiveCfg = Release|x64
		{61DB008B-DCCB-4F73-81E3-EFD55AF2F2BD}.Release|x64.Build.0 = Release|x64
		{61DB008B-DCCB-4F73-81E3-EFD55AF2F2BD}.Release|x64.Deploy.0 = Release|x64
		{61DB008B-DCCB-4F73-81E3-EFD55AF2F2BD}.Release|x86.ActiveCfg = Release|x86
		{61DB008B-DCCB-4F73-81E3-EFD55AF2F2BD}.Release|x86.Build.0 = Release|x86
		{61DB008B-DCCB-4F73-81E3-EFD55AF2F2BD}.Release|x86.Deploy.0 = Release|x86
		{4551D68F-3866-47F8-91F3-D5A403C6308C}.Ad-Hoc|Any CPU.ActiveCfg = Ad-Hoc|iPhone
		{4551D68F-3866-47F8-91F3-D5A403C6308C}.Ad-Hoc|ARM.ActiveCfg = Ad-Hoc|iPhone
		{4551D68F-3866-47F8-91F3-D5A403C6308C}.Ad-Hoc|iPhone.ActiveCfg = Ad-Hoc|iPhone
		{4551D68F-3866-47F8-91F3-D5A403C6308C}.Ad-Hoc|iPhone.Build.0 = Ad-Hoc|iPhone
		{4551D68F-3866-47F8-91F3-D5A403C6308C}.Ad-Hoc|iPhoneSimulator.ActiveCfg = Ad-Hoc|iPhoneSimulator
		{4551D68F-3866-47F8-91F3-D5A403C6308C}.Ad-Hoc|iPhoneSimulator.Build.0 = Ad-Hoc|iPhoneSimulator
		{4551D68F-3866-47F8-91F3-D5A403C6308C}.Ad-Hoc|x64.ActiveCfg = Ad-Hoc|iPhone
		{4551D68F-3866-47F8-91F3-D5A403C6308C}.Ad-Hoc|x86.ActiveCfg = Ad-Hoc|iPhone
		{4551D68F-3866-47F8-91F3-D5A403C6308C}.AppStore|Any CPU.ActiveCfg = AppStore|iPhone
		{4551D68F-3866-47F8-91F3-D5A403C6308C}.AppStore|ARM.ActiveCfg = AppStore|iPhone
		{4551D68F-3866-47F8-91F3-D5A403C6308C}.AppStore|iPhone.ActiveCfg = AppStore|iPhone
		{4551D68F-3866-47F8-91F3-D5A403C6308C}.AppStore|iPhone.Build.0 = AppStore|iPhone
		{4551D68F-3866-47F8-91F3-D5A403C6308C}.AppStore|iPhoneSimulator.ActiveCfg = AppStore|iPhoneSimulator
		{4551D68F-3866-47F8-91F3-D5A403C6308C}.AppStore|iPhoneSimulator.Build.0 = AppStore|iPhoneSimulator
		{4551D68F-3866-47F8-91F3-D5A403C6308C}.AppStore|x64.ActiveCfg = AppStore|iPhone
		{4551D68F-3866-47F8-91F3-D5A403C6308C}.AppStore|x86.ActiveCfg = AppStore|iPhone
		{4551D68F-3866-47F8-91F3-D5A403C6308C}.Debug|Any CPU.ActiveCfg = Debug|iPhone
		{4551D68F-3866-47F8-91F3-D5A403C6308C}.Debug|ARM.ActiveCfg = Debug|iPhone
		{4551D68F-3866-47F8-91F3-D5A403C6308C}.Debug|iPhone.ActiveCfg = Debug|iPhone
		{4551D68F-3866-47F8-91F3-D5A403C6308C}.Debug|iPhone.Build.0 = Debug|iPhone
		{4551D68F-3866-47F8-91F3-D5A403C6308C}.Debug|iPhoneSimulator.ActiveCfg = Debug|iPhoneSimulator
		{4551D68F-3866-47F8-91F3-D5A403C6308C}.Debug|iPhoneSimulator.Build.0 = Debug|iPhoneSimulator
		{4551D68F-3866-47F8-91F3-D5A403C6308C}.Debug|x64.ActiveCfg = Debug|iPhone
		{4551D68F-3866-47F8-91F3-D5A403C6308C}.Debug|x86.ActiveCfg = Debug|iPhone
		{4551D68F-3866-47F8-91F3-D5A403C6308C}.Release|Any CPU.ActiveCfg = Release|iPhone
		{4551D68F-3866-47F8-91F3-D5A403C6308C}.Release|ARM.ActiveCfg = Release|iPhone
		{4551D68F-3866-47F8-91F3-D5A403C6308C}.Release|iPhone.ActiveCfg = Release|iPhone
		{4551D68F-3866-47F8-91F3-D5A403C6308C}.Release|iPhone.Build.0 = Release|iPhone
		{4551D68F-3866-47F8-91F3-D5A403C6308C}.Release|iPhoneSimulator.ActiveCfg = Release|iPhoneSimulator
		{4551D68F-3866-47F8-91F3-D5A403C6308C}.Release|iPhoneSimulator.Build.0 = Release|iPhoneSimulator
		{4551D68F-3866-47F8-91F3-D5A403C6308C}.Release|x64.ActiveCfg = Release|iPhone
		{4551D68F-3866-47F8-91F3-D5A403C6308C}.Release|x86.ActiveCfg = Release|iPhone
	EndGlobalSection
	GlobalSection(SolutionProperties) = preSolution
		HideSolutionNode = FALSE
	EndGlobalSection
EndGlobal
